
Microsoft Visual Studio Solution File, Format Version 12.00
# Visual Studio Version 17
VisualStudioVersion = 17.5.002.0
MinimumVisualStudioVersion = 10.0.40219.1
Project("{9A19103F-16F7-4668-BE54-9A1E7A4F7556}") = "Pizzaria", "Pizzaria.csproj", "{6DBCB838-93F9-4A4D-9781-3070C996A959}"
EndProject
Global
	GlobalSection(SolutionConfigurationPlatforms) = preSolution
		Debug|Any CPU = Debug|Any CPU
		Release|Any CPU = Release|Any CPU
	EndGlobalSection
	GlobalSection(ProjectConfigurationPlatforms) = postSolution
		{6DBCB838-93F9-4A4D-9781-3070C996A959}.Debug|Any CPU.ActiveCfg = Debug|Any CPU
		{6DBCB838-93F9-4A4D-9781-3070C996A959}.Debug|Any CPU.Build.0 = Debug|Any CPU
		{6DBCB838-93F9-4A4D-9781-3070C996A959}.Release|Any CPU.ActiveCfg = Release|Any CPU
		{6DBCB838-93F9-4A4D-9781-3070C996A959}.Release|Any CPU.Build.0 = Release|Any CPU
	EndGlobalSection
	GlobalSection(SolutionProperties) = preSolution
		HideSolutionNode = FALSE
	EndGlobalSection
	GlobalSection(ExtensibilityGlobals) = postSolution
		SolutionGuid = {E36DFA1B-3939-4437-8811-306A36A3FE30}
	EndGlobalSection
EndGlobal
